[{<<"cowboy">>,
  {git,"git://github.com/extend/cowboy.git",
       {ref,"db52494371ea249f38d51108c7d79cf487ff6374"}},
  0},
 {<<"cowlib">>,
  {git,"git://github.com/extend/cowlib.git",
       {ref,"63298e8e160031a70efff86a1acde7e7db1fcda6"}},
  1},
 {<<"jiffy">>,
  {git,"git://github.com/davisp/jiffy.git",
       {ref,"d16a4fd968e000b65e4678cccfad68d7a0a8bd1c"}},
  0},
 {<<"jsx">>,
  {git,"git://github.com/talentdeficit/jsx.git",
       {ref,"d011411c23e9f8c29d98aa1b7a50ddf9709b6a60"}},
  0},
 {<<"leptus">>,
  {git,"git://github.com/s1n4/leptus.git",
       {ref,"24c503663c6f2e984db911433c5395bff41baeb9"}},
  0},
 {<<"msgpack">>,
  {git,"git://github.com/msgpack/msgpack-erlang.git",
       {ref,"b8040f622112562467707178ad2e1ac66b6f5ed5"}},
  0},
 {<<"ranch">>,
  {git,"git://github.com/extend/ranch.git",
       {ref,"5df1f222f94e08abdcab7084f5e13027143cc222"}},
  1}].
